
Microsoft Visual Studio Solution File, Format Version 12.00
# Visual Studio Version 17
VisualStudioVersion = 17.5.002.0
MinimumVisualStudioVersion = 10.0.40219.1
Project("{9A19103F-16F7-4668-BE54-9A1E7A4F7556}") = "InternetBank", "InternetBank.csproj", "{498C9A16-4F00-480B-B3C2-702B8987C471}"
EndProject
Global
	GlobalSection(SolutionConfigurationPlatforms) = preSolution
		Debug|Any CPU = Debug|Any CPU
		Release|Any CPU = Release|Any CPU
	EndGlobalSection
	GlobalSection(ProjectConfigurationPlatforms) = postSolution
		{498C9A16-4F00-480B-B3C2-702B8987C471}.Debug|Any CPU.ActiveCfg = Debug|Any CPU
		{498C9A16-4F00-480B-B3C2-702B8987C471}.Debug|Any CPU.Build.0 = Debug|Any CPU
		{498C9A16-4F00-480B-B3C2-702B8987C471}.Release|Any CPU.ActiveCfg = Release|Any CPU
		{498C9A16-4F00-480B-B3C2-702B8987C471}.Release|Any CPU.Build.0 = Release|Any CPU
	EndGlobalSection
	GlobalSection(SolutionProperties) = preSolution
		HideSolutionNode = FALSE
	EndGlobalSection
	GlobalSection(ExtensibilityGlobals) = postSolution
		SolutionGuid = {5264ED8E-D182-4D02-99AE-07D15AF47801}
	EndGlobalSection
EndGlobal
